
Microsoft Visual Studio Solution File, Format Version 12.00
# Visual Studio Version 17
VisualStudioVersion = 17.9.34728.123
MinimumVisualStudioVersion = 10.0.40219.1
Project("{FAE04EC0-301F-11D3-BF4B-00C04F79EFBC}") = "Entities", "Entities\Entities.csproj", "{8A392BA6-1B34-4AF3-A5B3-057340454588}"
EndProject
Project("{FAE04EC0-301F-11D3-BF4B-00C04F79EFBC}") = "Workaround", "ConsoleApp1\Workaround.csproj", "{0CEDBA18-8698-473E-B83E-C85BBE2EB173}"
EndProject
Project("{FAE04EC0-301F-11D3-BF4B-00C04F79EFBC}") = "Business", "Business\Business.csproj", "{F481801C-CA09-47ED-8578-5A52AC12BAFE}"
EndProject
Global
	GlobalSection(SolutionConfigurationPlatforms) = preSolution
		Debug|Any CPU = Debug|Any CPU
		Release|Any CPU = Release|Any CPU
	EndGlobalSection
	GlobalSection(ProjectConfigurationPlatforms) = postSolution
		{8A392BA6-1B34-4AF3-A5B3-057340454588}.Debug|Any CPU.ActiveCfg = Debug|Any CPU
		{8A392BA6-1B34-4AF3-A5B3-057340454588}.Debug|Any CPU.Build.0 = Debug|Any CPU
		{8A392BA6-1B34-4AF3-A5B3-057340454588}.Release|Any CPU.ActiveCfg = Release|Any CPU
		{8A392BA6-1B34-4AF3-A5B3-057340454588}.Release|Any CPU.Build.0 = Release|Any CPU
		{0CEDBA18-8698-473E-B83E-C85BBE2EB173}.Debug|Any CPU.ActiveCfg = Debug|Any CPU
		{0CEDBA18-8698-473E-B83E-C85BBE2EB173}.Debug|Any CPU.Build.0 = Debug|Any CPU
		{0CEDBA18-8698-473E-B83E-C85BBE2EB173}.Release|Any CPU.ActiveCfg = Release|Any CPU
		{0CEDBA18-8698-473E-B83E-C85BBE2EB173}.Release|Any CPU.Build.0 = Release|Any CPU
		{F481801C-CA09-47ED-8578-5A52AC12BAFE}.Debug|Any CPU.ActiveCfg = Debug|Any CPU
		{F481801C-CA09-47ED-8578-5A52AC12BAFE}.Debug|Any CPU.Build.0 = Debug|Any CPU
		{F481801C-CA09-47ED-8578-5A52AC12BAFE}.Release|Any CPU.ActiveCfg = Release|Any CPU
		{F481801C-CA09-47ED-8578-5A52AC12BAFE}.Release|Any CPU.Build.0 = Release|Any CPU
	EndGlobalSection
	GlobalSection(SolutionProperties) = preSolution
		HideSolutionNode = FALSE
	EndGlobalSection
	GlobalSection(ExtensibilityGlobals) = postSolution
		SolutionGuid = {32BCFBC2-F81F-4086-9334-63D81FCE1AF1}
	EndGlobalSection
EndGlobal
